Microsoft Visual Studio Solution File, Format Version 12.00
# Visual Studio Version 17
VisualStudioVersion = 17.5.2.0
MinimumVisualStudioVersion = 10.0.40219.1
Project("{FAE04EC0-301F-11D3-BF4B-00C04F79EFBC}") = "web-app-scratch", "web-app-scratch.csproj", "{BBE9A6B6-7A0E-C2FF-2DAE-2843BE0A8699}"
EndProject
Global
	GlobalSection(SolutionConfigurationPlatforms) = preSolution
		Debug|Any CPU = Debug|Any CPU
		Release|Any CPU = Release|Any CPU
	EndGlobalSection
	GlobalSection(ProjectConfigurationPlatforms) = postSolution
		{BBE9A6B6-7A0E-C2FF-2DAE-2843BE0A8699}.Debug|Any CPU.ActiveCfg = Debug|Any CPU
		{BBE9A6B6-7A0E-C2FF-2DAE-2843BE0A8699}.Debug|Any CPU.Build.0 = Debug|Any CPU
		{BBE9A6B6-7A0E-C2FF-2DAE-2843BE0A8699}.Release|Any CPU.ActiveCfg = Release|Any CPU
		{BBE9A6B6-7A0E-C2FF-2DAE-2843BE0A8699}.Release|Any CPU.Build.0 = Release|Any CPU
	EndGlobalSection
	GlobalSection(SolutionProperties) = preSolution
		HideSolutionNode = FALSE
	EndGlobalSection
	GlobalSection(ExtensibilityGlobals) = postSolution
		SolutionGuid = {064C1CBE-657A-468C-A736-D7421026E51D}
	EndGlobalSection
EndGlobal
